
Microsoft Visual Studio Solution File, Format Version 12.00
# Visual Studio Version 17
VisualStudioVersion = 17.11.35208.52
MinimumVisualStudioVersion = 10.0.40219.1
Project("{9A19103F-16F7-4668-BE54-9A1E7A4F7556}") = "TaskAPI", "TaskAPI\TaskAPI.csproj", "{84BE737D-33D1-4679-AB57-0E8B923BC142}"
EndProject
Project("{9A19103F-16F7-4668-BE54-9A1E7A4F7556}") = "TaskAPI.DataAccess", "TaskAPI.DataAccess\TaskAPI.DataAccess.csproj", "{881F10D5-DD79-4A87-A598-B9CB95F55D8F}"
EndProject
Project("{E53339B2-1760-4266-BCC7-CA923CBCF16C}") = "docker-compose", "docker-compose.dcproj", "{6527370C-24D0-4CAB-82EB-B55B9FD86B3D}"
EndProject
Project("{9A19103F-16F7-4668-BE54-9A1E7A4F7556}") = "TaskAPI.Services", "TaskAPI.Services\TaskAPI.Services.csproj", "{ECD741FA-7CAC-4F14-A31E-6D9B8FED1157}"
EndProject
Project("{FAE04EC0-301F-11D3-BF4B-00C04F79EFBC}") = "TaskAPI.Tests", "TaskAPI.Tests\TaskAPI.Tests.csproj", "{C3A776D2-B558-4323-80B6-65C2BD35652F}"
EndProject
Global
	GlobalSection(SolutionConfigurationPlatforms) = preSolution
		Debug|Any CPU = Debug|Any CPU
		Release|Any CPU = Release|Any CPU
	EndGlobalSection
	GlobalSection(ProjectConfigurationPlatforms) = postSolution
		{84BE737D-33D1-4679-AB57-0E8B923BC142}.Debug|Any CPU.ActiveCfg = Debug|Any CPU
		{84BE737D-33D1-4679-AB57-0E8B923BC142}.Debug|Any CPU.Build.0 = Debug|Any CPU
		{84BE737D-33D1-4679-AB57-0E8B923BC142}.Release|Any CPU.ActiveCfg = Release|Any CPU
		{84BE737D-33D1-4679-AB57-0E8B923BC142}.Release|Any CPU.Build.0 = Release|Any CPU
		{881F10D5-DD79-4A87-A598-B9CB95F55D8F}.Debug|Any CPU.ActiveCfg = Debug|Any CPU
		{881F10D5-DD79-4A87-A598-B9CB95F55D8F}.Debug|Any CPU.Build.0 = Debug|Any CPU
		{881F10D5-DD79-4A87-A598-B9CB95F55D8F}.Release|Any CPU.ActiveCfg = Release|Any CPU
		{881F10D5-DD79-4A87-A598-B9CB95F55D8F}.Release|Any CPU.Build.0 = Release|Any CPU
		{6527370C-24D0-4CAB-82EB-B55B9FD86B3D}.Debug|Any CPU.ActiveCfg = Debug|Any CPU
		{6527370C-24D0-4CAB-82EB-B55B9FD86B3D}.Debug|Any CPU.Build.0 = Debug|Any CPU
		{6527370C-24D0-4CAB-82EB-B55B9FD86B3D}.Release|Any CPU.ActiveCfg = Release|Any CPU
		{6527370C-24D0-4CAB-82EB-B55B9FD86B3D}.Release|Any CPU.Build.0 = Release|Any CPU
		{ECD741FA-7CAC-4F14-A31E-6D9B8FED1157}.Debug|Any CPU.ActiveCfg = Debug|Any CPU
		{ECD741FA-7CAC-4F14-A31E-6D9B8FED1157}.Debug|Any CPU.Build.0 = Debug|Any CPU
		{ECD741FA-7CAC-4F14-A31E-6D9B8FED1157}.Release|Any CPU.ActiveCfg = Release|Any CPU
		{ECD741FA-7CAC-4F14-A31E-6D9B8FED1157}.Release|Any CPU.Build.0 = Release|Any CPU
		{C3A776D2-B558-4323-80B6-65C2BD35652F}.Debug|Any CPU.ActiveCfg = Debug|Any CPU
		{C3A776D2-B558-4323-80B6-65C2BD35652F}.Debug|Any CPU.Build.0 = Debug|Any CPU
		{C3A776D2-B558-4323-80B6-65C2BD35652F}.Release|Any CPU.ActiveCfg = Release|Any CPU
		{C3A776D2-B558-4323-80B6-65C2BD35652F}.Release|Any CPU.Build.0 = Release|Any CPU
	EndGlobalSection
	GlobalSection(SolutionProperties) = preSolution
		HideSolutionNode = FALSE
	EndGlobalSection
	GlobalSection(ExtensibilityGlobals) = postSolution
		SolutionGuid = {E82BE21C-8FAC-49F6-8E6A-505EF10E881B}
	EndGlobalSection
EndGlobal
